{
	"name": "@duncan3142org/base-template",
	"version": "1.4.4",
	"lockfileVersion": 3,
	"requires": true,
	"packages": {
		"": {
			"name": "@duncan3142org/base-template",
			"version": "1.4.4",
			"license": "AGPL-3.0-only",
			"devDependencies": {
				"@commitlint/config-conventional": "^20.4.0",
				"@duncan3142/prettier-config": "^0.1.10",
				"@types/node": "^24.10.9"
			},
			"engines": {
				"node": ">=24",
				"npm": ">=11"
			}
		},
		"node_modules/@commitlint/config-conventional": {
			"version": "20.4.0",
			"resolved": "https://registry.npmjs.org/@commitlint/config-conventional/-/config-conventional-20.4.0.tgz",
			"integrity": "sha512-nolhFe2YKIix0D4+tPXAWnnIc9WB5fOCgmm4h2EcRyEShC64oH/DpM9n++85NRdItvIhKb+Szsaeuug7KcEeIA==",
			"dev": true,
			"license": "MIT",
			"dependencies": {
				"@commitlint/types": "^20.4.0",
				"conventional-changelog-conventionalcommits": "^9.1.0"
			},
			"engines": {
				"node": ">=v18"
			}
		},
		"node_modules/@commitlint/types": {
			"version": "20.4.0",
			"resolved": "https://registry.npmjs.org/@commitlint/types/-/types-20.4.0.tgz",
			"integrity": "sha512-aO5l99BQJ0X34ft8b0h7QFkQlqxC6e7ZPVmBKz13xM9O8obDaM1Cld4sQlJDXXU/VFuUzQ30mVtHjVz74TuStw==",
			"dev": true,
			"license": "MIT",
			"dependencies": {
				"conventional-commits-parser": "^6.2.1",
				"picocolors": "^1.1.1"
			},
			"engines": {
				"node": ">=v18"
			}
		},
		"node_modules/@duncan3142/prettier-config": {
			"version": "0.1.10",
			"resolved": "https://npm.pkg.github.com/download/@duncan3142/prettier-config/0.1.10/07f7e5cb6f54d912dc5dc2b7f20fd20eff05c987",
			"integrity": "sha512-K0y26dZWJGcHkTpD+nfxgLloRLxrS0mV8jO34mgO/xCQMXszhTr41OXGP8KZ43hvWeA9cfGpQJnmJUZGIqB+BQ==",
			"dev": true,
			"license": "LGPL-3.0-or-later",
			"engines": {
				"node": ">=22",
				"npm": ">=11"
			},
			"peerDependencies": {
				"prettier": "^3.6.2"
			}
		},
		"node_modules/@types/node": {
			"version": "24.10.9",
			"resolved": "https://registry.npmjs.org/@types/node/-/node-24.10.9.tgz",
			"integrity": "sha512-ne4A0IpG3+2ETuREInjPNhUGis1SFjv1d5asp8MzEAGtOZeTeHVDOYqOgqfhvseqg/iXty2hjBf1zAOb7RNiNw==",
			"dev": true,
			"license": "MIT",
			"dependencies": {
				"undici-types": "~7.16.0"
			}
		},
		"node_modules/array-ify": {
			"version": "1.0.0",
			"resolved": "https://registry.npmjs.org/array-ify/-/array-ify-1.0.0.tgz",
			"integrity": "sha512-c5AMf34bKdvPhQ7tBGhqkgKNUzMr4WUs+WDtC2ZUGOUncbxKMTvqxYctiseW3+L4bA8ec+GcZ6/A/FW4m8ukng==",
			"dev": true,
			"license": "MIT"
		},
		"node_modules/compare-func": {
			"version": "2.0.0",
			"resolved": "https://registry.npmjs.org/compare-func/-/compare-func-2.0.0.tgz",
			"integrity": "sha512-zHig5N+tPWARooBnb0Zx1MFcdfpyJrfTJ3Y5L+IFvUm8rM74hHz66z0gw0x4tijh5CorKkKUCnW82R2vmpeCRA==",
			"dev": true,
			"license": "MIT",
			"dependencies": {
				"array-ify": "^1.0.0",
				"dot-prop": "^5.1.0"
			}
		},
		"node_modules/conventional-changelog-conventionalcommits": {
			"version": "9.1.0",
			"resolved": "https://registry.npmjs.org/conventional-changelog-conventionalcommits/-/conventional-changelog-conventionalcommits-9.1.0.tgz",
			"integrity": "sha512-MnbEysR8wWa8dAEvbj5xcBgJKQlX/m0lhS8DsyAAWDHdfs2faDJxTgzRYlRYpXSe7UiKrIIlB4TrBKU9q9DgkA==",
			"dev": true,
			"license": "ISC",
			"dependencies": {
				"compare-func": "^2.0.0"
			},
			"engines": {
				"node": ">=18"
			}
		},
		"node_modules/conventional-commits-parser": {
			"version": "6.2.1",
			"resolved": "https://registry.npmjs.org/conventional-commits-parser/-/conventional-commits-parser-6.2.1.tgz",
			"integrity": "sha512-20pyHgnO40rvfI0NGF/xiEoFMkXDtkF8FwHvk5BokoFoCuTQRI8vrNCNFWUOfuolKJMm1tPCHc8GgYEtr1XRNA==",
			"dev": true,
			"license": "MIT",
			"dependencies": {
				"meow": "^13.0.0"
			},
			"bin": {
				"conventional-commits-parser": "dist/cli/index.js"
			},
			"engines": {
				"node": ">=18"
			}
		},
		"node_modules/dot-prop": {
			"version": "5.3.0",
			"resolved": "https://registry.npmjs.org/dot-prop/-/dot-prop-5.3.0.tgz",
			"integrity": "sha512-QM8q3zDe58hqUqjraQOmzZ1LIH9SWQJTlEKCH4kJ2oQvLZk7RbQXvtDM2XEq3fwkV9CCvvH4LA0AV+ogFsBM2Q==",
			"dev": true,
			"license": "MIT",
			"dependencies": {
				"is-obj": "^2.0.0"
			},
			"engines": {
				"node": ">=8"
			}
		},
		"node_modules/is-obj": {
			"version": "2.0.0",
			"resolved": "https://registry.npmjs.org/is-obj/-/is-obj-2.0.0.tgz",
			"integrity": "sha512-drqDG3cbczxxEJRoOXcOjtdp1J/lyp1mNn0xaznRs8+muBhgQcrnbspox5X5fOw0HnMnbfDzvnEMEtqDEJEo8w==",
			"dev": true,
			"license": "MIT",
			"engines": {
				"node": ">=8"
			}
		},
		"node_modules/meow": {
			"version": "13.2.0",
			"resolved": "https://registry.npmjs.org/meow/-/meow-13.2.0.tgz",
			"integrity": "sha512-pxQJQzB6djGPXh08dacEloMFopsOqGVRKFPYvPOt9XDZ1HasbgDZA74CJGreSU4G3Ak7EFJGoiH2auq+yXISgA==",
			"dev": true,
			"license": "MIT",
			"engines": {
				"node": ">=18"
			},
			"funding": {
				"url": "https://github.com/sponsors/sindresorhus"
			}
		},
		"node_modules/picocolors": {
			"version": "1.1.1",
			"resolved": "https://registry.npmjs.org/picocolors/-/picocolors-1.1.1.tgz",
			"integrity": "sha512-xceH2snhtb5M9liqDsmEw56le376mTZkEX/jEb/RxNFyegNul7eNslCXP9FDj/Lcu0X8KEyMceP2ntpaHrDEVA==",
			"dev": true,
			"license": "ISC"
		},
		"node_modules/prettier": {
			"version": "3.8.1",
			"resolved": "https://registry.npmjs.org/prettier/-/prettier-3.8.1.tgz",
			"integrity": "sha512-UOnG6LftzbdaHZcKoPFtOcCKztrQ57WkHDeRD9t/PTQtmT0NHSeWWepj6pS0z/N7+08BHFDQVUrfmfMRcZwbMg==",
			"dev": true,
			"license": "MIT",
			"peer": true,
			"bin": {
				"prettier": "bin/prettier.cjs"
			},
			"engines": {
				"node": ">=14"
			},
			"funding": {
				"url": "https://github.com/prettier/prettier?sponsor=1"
			}
		},
		"node_modules/undici-types": {
			"version": "7.16.0",
			"resolved": "https://registry.npmjs.org/undici-types/-/undici-types-7.16.0.tgz",
			"integrity": "sha512-Zz+aZWSj8LE6zoxD+xrjh4VfkIG8Ya6LvYkZqtUQGJPZjYl53ypCaUwWqo7eI0x66KBGeRo+mlBEkMSeSZ38Nw==",
			"dev": true,
			"license": "MIT"
		}
	}
}
