# @generated - this file is auto-generated by `mise lock` https://mise.jdx.dev/dev-tools/mise-lock.html

[[tools."github:cli/cli"]]
version = "2.88.1"
backend = "github:cli/cli"

[tools."github:cli/cli"."platforms.linux-arm64"]
checksum = "sha256:039ce25aab0cfa0ea5160e3db75ed44699bde4b20ff63ec5991f82201f1b33b8"
url = "https://github.com/cli/cli/releases/download/v2.88.1/gh_2.88.1_linux_arm64.tar.gz"
url_api = "https://api.github.com/repos/cli/cli/releases/assets/372317913"
provenance = "github-attestations"

[tools."github:cli/cli"."platforms.linux-arm64-musl"]
checksum = "sha256:039ce25aab0cfa0ea5160e3db75ed44699bde4b20ff63ec5991f82201f1b33b8"
url = "https://github.com/cli/cli/releases/download/v2.88.1/gh_2.88.1_linux_arm64.tar.gz"
url_api = "https://api.github.com/repos/cli/cli/releases/assets/372317913"
provenance = "github-attestations"

[tools."github:cli/cli"."platforms.linux-x64"]
checksum = "sha256:36352a993b97e9758793cdb87f9ba674bd6d88c914488e122be78a1962203803"
url = "https://github.com/cli/cli/releases/download/v2.88.1/gh_2.88.1_linux_amd64.tar.gz"
url_api = "https://api.github.com/repos/cli/cli/releases/assets/372317909"
provenance = "github-attestations"

[tools."github:cli/cli"."platforms.linux-x64-musl"]
checksum = "sha256:36352a993b97e9758793cdb87f9ba674bd6d88c914488e122be78a1962203803"
url = "https://github.com/cli/cli/releases/download/v2.88.1/gh_2.88.1_linux_amd64.tar.gz"
url_api = "https://api.github.com/repos/cli/cli/releases/assets/372317909"
provenance = "github-attestations"

[tools."github:cli/cli"."platforms.macos-arm64"]
checksum = "sha256:bdbeed4821d450ef0d14821d856c05b308ab449fbf60527f298d96fbf5d2447b"
url = "https://github.com/cli/cli/releases/download/v2.88.1/gh_2.88.1_macOS_arm64.zip"
url_api = "https://api.github.com/repos/cli/cli/releases/assets/372317935"
provenance = "github-attestations"

[tools."github:cli/cli"."platforms.macos-x64"]
checksum = "sha256:ff0fc4bdb9699f0c02e5bcdcbd09d0f8e4c4659aa5d30bcd39a3557ed7379b2e"
url = "https://github.com/cli/cli/releases/download/v2.88.1/gh_2.88.1_macOS_amd64.zip"
url_api = "https://api.github.com/repos/cli/cli/releases/assets/372317933"
provenance = "github-attestations"

[tools."github:cli/cli"."platforms.windows-x64"]
checksum = "sha256:8fdaac525d8919f9f8c265f99ffa26189e5f1fd3a35636adad4fd890a141a555"
url = "https://github.com/cli/cli/releases/download/v2.88.1/gh_2.88.1_windows_amd64.zip"
url_api = "https://api.github.com/repos/cli/cli/releases/assets/372317959"
provenance = "github-attestations"

[[tools."github:hadolint/hadolint"]]
version = "2.14.0"
backend = "github:hadolint/hadolint"

[tools."github:hadolint/hadolint"."platforms.linux-arm64"]
checksum = "sha256:331f1d3511b84a4f1e3d18d52fec284723e4019552f4f47b19322a53ce9a40ed"
url = "https://github.com/hadolint/hadolint/releases/download/v2.14.0/hadolint-linux-arm64"
url_api = "https://api.github.com/repos/hadolint/hadolint/releases/assets/295944081"

[tools."github:hadolint/hadolint"."platforms.linux-arm64-musl"]
checksum = "sha256:331f1d3511b84a4f1e3d18d52fec284723e4019552f4f47b19322a53ce9a40ed"
url = "https://github.com/hadolint/hadolint/releases/download/v2.14.0/hadolint-linux-arm64"
url_api = "https://api.github.com/repos/hadolint/hadolint/releases/assets/295944081"

[tools."github:hadolint/hadolint"."platforms.linux-x64"]
checksum = "sha256:6bf226944684f56c84dd014e8b979d27425c0148f61b3bd99bcc6f39e9dc5a47"
url = "https://github.com/hadolint/hadolint/releases/download/v2.14.0/hadolint-linux-x86_64"
url_api = "https://api.github.com/repos/hadolint/hadolint/releases/assets/295944080"

[tools."github:hadolint/hadolint"."platforms.linux-x64-musl"]
checksum = "sha256:6bf226944684f56c84dd014e8b979d27425c0148f61b3bd99bcc6f39e9dc5a47"
url = "https://github.com/hadolint/hadolint/releases/download/v2.14.0/hadolint-linux-x86_64"
url_api = "https://api.github.com/repos/hadolint/hadolint/releases/assets/295944080"

[tools."github:hadolint/hadolint"."platforms.macos-arm64"]
checksum = "sha256:3625e2e9f43dcfe7bd38738a5f5520ed50ce39ed28485266e6803dd7bc197b10"
url = "https://github.com/hadolint/hadolint/releases/download/v2.14.0/hadolint-macos-arm64"
url_api = "https://api.github.com/repos/hadolint/hadolint/releases/assets/295944077"

[tools."github:hadolint/hadolint"."platforms.macos-x64"]
checksum = "sha256:2b69a853433f1eca522ffb921cd490bd1321424d03331fd8390f93b7fb4a02e9"
url = "https://github.com/hadolint/hadolint/releases/download/v2.14.0/hadolint-macos-x86_64"
url_api = "https://api.github.com/repos/hadolint/hadolint/releases/assets/295944082"

[tools."github:hadolint/hadolint"."platforms.windows-x64"]
checksum = "sha256:8e0ee174f88edb14f207a68430c7a53c2883ed509cdbde9a3a26fffa140fa5e4"
url = "https://github.com/hadolint/hadolint/releases/download/v2.14.0/hadolint-windows-x86_64.exe"
url_api = "https://api.github.com/repos/hadolint/hadolint/releases/assets/295944079"

[[tools.terraform]]
version = "1.14.7"
backend = "aqua:hashicorp/terraform"

[tools.terraform."platforms.linux-arm64"]
checksum = "sha256:04f88ee8924db27c0e26c379721965273c80c9b6a94bc5d8d8048a69163952ba"
url = "https://releases.hashicorp.com/terraform/1.14.7/terraform_1.14.7_linux_arm64.zip"

[tools.terraform."platforms.linux-arm64-musl"]
checksum = "sha256:04f88ee8924db27c0e26c379721965273c80c9b6a94bc5d8d8048a69163952ba"
url = "https://releases.hashicorp.com/terraform/1.14.7/terraform_1.14.7_linux_arm64.zip"

[tools.terraform."platforms.linux-x64"]
checksum = "sha256:e8bbcefea8015156e04e2a325cde37a0b2fb761728bda548e2fe3b8ad7c18c96"
url = "https://releases.hashicorp.com/terraform/1.14.7/terraform_1.14.7_linux_amd64.zip"

[tools.terraform."platforms.linux-x64-musl"]
checksum = "sha256:e8bbcefea8015156e04e2a325cde37a0b2fb761728bda548e2fe3b8ad7c18c96"
url = "https://releases.hashicorp.com/terraform/1.14.7/terraform_1.14.7_linux_amd64.zip"

[tools.terraform."platforms.macos-arm64"]
checksum = "sha256:e9004e245b3e56bff9c7a6c572295d710f6ce4fc72e3910e99519ebdcb46d1bb"
url = "https://releases.hashicorp.com/terraform/1.14.7/terraform_1.14.7_darwin_arm64.zip"

[tools.terraform."platforms.macos-x64"]
checksum = "sha256:469f19fb58ed6f67abc858f1d1a20a2fdb1fadda8eaa0f766da1c8acd1518cb0"
url = "https://releases.hashicorp.com/terraform/1.14.7/terraform_1.14.7_darwin_amd64.zip"

[tools.terraform."platforms.windows-x64"]
checksum = "sha256:e81958c47acde7bb64e0126c5c45c3919da1ecd51042d84e79030835cbbfdd0c"
url = "https://releases.hashicorp.com/terraform/1.14.7/terraform_1.14.7_windows_amd64.zip"

[[tools.usage]]
version = "3.0.0"
backend = "aqua:jdx/usage"

[tools.usage."platforms.linux-arm64"]
checksum = "sha256:6c32e248c2203d3d0b43bed07a9c6d25b05773e8443fb99b4c4a724f9c8fc64a"
url = "https://github.com/jdx/usage/releases/download/v3.0.0/usage-aarch64-unknown-linux-musl.tar.gz"

[tools.usage."platforms.linux-arm64-musl"]
checksum = "sha256:6c32e248c2203d3d0b43bed07a9c6d25b05773e8443fb99b4c4a724f9c8fc64a"
url = "https://github.com/jdx/usage/releases/download/v3.0.0/usage-aarch64-unknown-linux-musl.tar.gz"

[tools.usage."platforms.linux-x64"]
checksum = "sha256:e9d4c42cbc28668da0c1ee02eaea1948ab043ee1ef2637fa90737095da487e1c"
url = "https://github.com/jdx/usage/releases/download/v3.0.0/usage-x86_64-unknown-linux-musl.tar.gz"

[tools.usage."platforms.linux-x64-musl"]
checksum = "sha256:e9d4c42cbc28668da0c1ee02eaea1948ab043ee1ef2637fa90737095da487e1c"
url = "https://github.com/jdx/usage/releases/download/v3.0.0/usage-x86_64-unknown-linux-musl.tar.gz"

[tools.usage."platforms.macos-arm64"]
checksum = "sha256:4de86e95923dd57d8171a5ae40ca65492ef84b69175fefd7ab14442ab3ea0fc2"
url = "https://github.com/jdx/usage/releases/download/v3.0.0/usage-universal-apple-darwin.tar.gz"

[tools.usage."platforms.macos-x64"]
checksum = "sha256:4de86e95923dd57d8171a5ae40ca65492ef84b69175fefd7ab14442ab3ea0fc2"
url = "https://github.com/jdx/usage/releases/download/v3.0.0/usage-universal-apple-darwin.tar.gz"

[tools.usage."platforms.windows-x64"]
checksum = "sha256:b0a8cb81f4a259f8eaee134d9d427ed8284177141d615669dce2bde184ab06b3"
url = "https://github.com/jdx/usage/releases/download/v3.0.0/usage-x86_64-pc-windows-msvc.zip"
